
Microsoft Visual Studio Solution File, Format Version 12.00
# Visual Studio Version 16
VisualStudioVersion = 16.0.36128.20
MinimumVisualStudioVersion = 10.0.40219.1
Project("{FAE04EC0-301F-11D3-BF4B-00C04F79EFBC}") = "SongComposerPromptGenerator", "SongComposerPromptGenerator.csproj", "{955A963B-88BE-42CF-A4AB-16CC7B00F567}"
EndProject
Global
	GlobalSection(SolutionConfigurationPlatforms) = preSolution
		Debug|Any CPU = Debug|Any CPU
		Release|Any CPU = Release|Any CPU
	EndGlobalSection
	GlobalSection(ProjectConfigurationPlatforms) = postSolution
		{955A963B-88BE-42CF-A4AB-16CC7B00F567}.Debug|Any CPU.ActiveCfg = Debug|Any CPU
		{955A963B-88BE-42CF-A4AB-16CC7B00F567}.Debug|Any CPU.Build.0 = Debug|Any CPU
		{955A963B-88BE-42CF-A4AB-16CC7B00F567}.Release|Any CPU.ActiveCfg = Release|Any CPU
		{955A963B-88BE-42CF-A4AB-16CC7B00F567}.Release|Any CPU.Build.0 = Release|Any CPU
	EndGlobalSection
	GlobalSection(SolutionProperties) = preSolution
		HideSolutionNode = FALSE
	EndGlobalSection
	GlobalSection(ExtensibilityGlobals) = postSolution
		SolutionGuid = {F8EB228E-83A5-4C83-BDE7-8428449BF997}
	EndGlobalSection
EndGlobal
